
Microsoft Visual Studio Solution File, Format Version 12.00
# Visual Studio Version 17
VisualStudioVersion = 17.4.33213.308
MinimumVisualStudioVersion = 10.0.40219.1
Project("{FAE04EC0-301F-11D3-BF4B-00C04F79EFBC}") = "JurgenGraupeAssesment", "JurgenGraupeAssesment\JurgenGraupeAssesment.csproj", "{6C0E167F-C3F5-407F-B646-23E2DB5B73D6}"
EndProject
Global
	GlobalSection(SolutionConfigurationPlatforms) = preSolution
		Debug|Any CPU = Debug|Any CPU
		Release|Any CPU = Release|Any CPU
	EndGlobalSection
	GlobalSection(ProjectConfigurationPlatforms) = postSolution
		{6C0E167F-C3F5-407F-B646-23E2DB5B73D6}.Debug|Any CPU.ActiveCfg = Debug|Any CPU
		{6C0E167F-C3F5-407F-B646-23E2DB5B73D6}.Debug|Any CPU.Build.0 = Debug|Any CPU
		{6C0E167F-C3F5-407F-B646-23E2DB5B73D6}.Release|Any CPU.ActiveCfg = Release|Any CPU
		{6C0E167F-C3F5-407F-B646-23E2DB5B73D6}.Release|Any CPU.Build.0 = Release|Any CPU
	EndGlobalSection
	GlobalSection(SolutionProperties) = preSolution
		HideSolutionNode = FALSE
	EndGlobalSection
	GlobalSection(ExtensibilityGlobals) = postSolution
		SolutionGuid = {EBDEB16B-4DB8-44FD-B95F-36F54B90C8CC}
	EndGlobalSection
EndGlobal
